// !$*UTF8*$!
{
	archiveVersion = 1;
	classes = {
	};
	objectVersion = 52;
	objects = {

/* Begin PBXBuildFile section */
		66DCCA41E695FC061C97932F /* Pods_Grow_GrowUITests.framework in Frameworks */ = {isa = PBXBuildFile; fileRef = E5138FA79BC7CEA39171F1B9 /* Pods_Grow_GrowUITests.framework */; };
		85037C16268915D500EC344B /* UserModel.swift in Sources */ = {isa = PBXBuildFile; fileRef = 85037C15268915D500EC344B /* UserModel.swift */; };
		8512512326B944650006D304 /* KeyboardToolbar in Frameworks */ = {isa = PBXBuildFile; productRef = 8512512226B944650006D304 /* KeyboardToolbar */; };
		8512512B26B9D9350006D304 /* AdaptsKeyboard.swift in Sources */ = {isa = PBXBuildFile; fileRef = 8512512A26B9D9350006D304 /* AdaptsKeyboard.swift */; };
		851AFF392673D6D70092DA9B /* GrowApp.swift in Sources */ = {isa = PBXBuildFile; fileRef = 851AFF382673D6D70092DA9B /* GrowApp.swift */; };
		851AFF3D2673D6DB0092DA9B /* Assets.xcassets in Resources */ = {isa = PBXBuildFile; fileRef = 851AFF3C2673D6DB0092DA9B /* Assets.xcassets */; };
		851AFF402673D6DB0092DA9B /* Preview Assets.xcassets in Resources */ = {isa = PBXBuildFile; fileRef = 851AFF3F2673D6DB0092DA9B /* Preview Assets.xcassets */; };
		851AFF4B2673D6DC0092DA9B /* GrowTests.swift in Sources */ = {isa = PBXBuildFile; fileRef = 851AFF4A2673D6DC0092DA9B /* GrowTests.swift */; };
		851AFF562673D6DC0092DA9B /* GrowUITests.swift in Sources */ = {isa = PBXBuildFile; fileRef = 851AFF552673D6DC0092DA9B /* GrowUITests.swift */; };
		8521A2942685BDFC00400657 /* (null) in Embed Frameworks */ = {isa = PBXBuildFile; settings = {ATTRIBUTES = (RemoveHeadersOnCopy, ); }; };
		8539186826938D290045A1B5 /* TrainingModel.swift in Sources */ = {isa = PBXBuildFile; fileRef = 8539186726938D290045A1B5 /* TrainingModel.swift */; };
		8545E33226B542FC0083F69E /* WorkoutOfTheDayView.swift in Sources */ = {isa = PBXBuildFile; fileRef = 8545E33126B542FC0083F69E /* WorkoutOfTheDayView.swift */; };
		85476A2F267FBCE200BA68A2 /* LoginView.swift in Sources */ = {isa = PBXBuildFile; fileRef = 85476A2E267FBCE200BA68A2 /* LoginView.swift */; };
		85476A31267FC04100BA68A2 /* KeyboardResponder.swift in Sources */ = {isa = PBXBuildFile; fileRef = 85476A30267FC04100BA68A2 /* KeyboardResponder.swift */; };
		854B05EA2681E81500A824CD /* ProgressIndicator.swift in Sources */ = {isa = PBXBuildFile; fileRef = 854B05E92681E81500A824CD /* ProgressIndicator.swift */; };
		854B05EC26820A8700A824CD /* UserDefaults.swift in Sources */ = {isa = PBXBuildFile; fileRef = 854B05EB26820A8700A824CD /* UserDefaults.swift */; };
		85597D7726A2C166005375F7 /* DisableAutoDismiss.swift in Sources */ = {isa = PBXBuildFile; fileRef = 85597D7626A2C166005375F7 /* DisableAutoDismiss.swift */; };
		857E622A268472D600A3A9A4 /* Helpers.swift in Sources */ = {isa = PBXBuildFile; fileRef = 857E6229268472D600A3A9A4 /* Helpers.swift */; };
		857E622E2684B80900A3A9A4 /* ImagePicker.swift in Sources */ = {isa = PBXBuildFile; fileRef = 857E622D2684B80900A3A9A4 /* ImagePicker.swift */; };
		85887F8626939D050084B82E /* PushNotificationHelper.swift in Sources */ = {isa = PBXBuildFile; fileRef = 85887F8526939D050084B82E /* PushNotificationHelper.swift */; };
		8588C33C2681D0FA00535E68 /* SceneDelegate.swift in Sources */ = {isa = PBXBuildFile; fileRef = 8588C33B2681D0F900535E68 /* SceneDelegate.swift */; };
		859B9452268B9A1B003F58F2 /* ExerciseOverview.swift in Sources */ = {isa = PBXBuildFile; fileRef = 859B9451268B9A1B003F58F2 /* ExerciseOverview.swift */; };
		859B9454268B9A37003F58F2 /* ExerciseModel.swift in Sources */ = {isa = PBXBuildFile; fileRef = 859B9453268B9A37003F58F2 /* ExerciseModel.swift */; };
		85BA4E60268A6D5700D71521 /* Pods_Grow.framework in Frameworks */ = {isa = PBXBuildFile; fileRef = ED30685E6FCB1070B6129F05 /* Pods_Grow.framework */; };
		85BACD86267B33BD00FD29D7 /* TrainingFunctions.swift in Sources */ = {isa = PBXBuildFile; fileRef = 85BACD85267B33BD00FD29D7 /* TrainingFunctions.swift */; };
		85BC5E9326B3255500DBC821 /* TrainingDaySelectionView.swift in Sources */ = {isa = PBXBuildFile; fileRef = 85BC5E9226B3255500DBC821 /* TrainingDaySelectionView.swift */; };
		85C48AE326B0978100BFE48E /* FoodModel.swift in Sources */ = {isa = PBXBuildFile; fileRef = 85C48AE226B0978000BFE48E /* FoodModel.swift */; };
		85C48AE526B1E32400BFE48E /* ChatView.swift in Sources */ = {isa = PBXBuildFile; fileRef = 85C48AE426B1E32400BFE48E /* ChatView.swift */; };
		85CB7FA026C1C0A700025736 /* StatisticsModel.swift in Sources */ = {isa = PBXBuildFile; fileRef = 85CB7F9F26C1C0A700025736 /* StatisticsModel.swift */; };
		85D21061268F8F32002BA11C /* SearchBar.swift in Sources */ = {isa = PBXBuildFile; fileRef = 85D21060268F8F32002BA11C /* SearchBar.swift */; };
		85D210682691EEA0002BA11C /* TrainingDashboard.swift in Sources */ = {isa = PBXBuildFile; fileRef = 85D210672691EEA0002BA11C /* TrainingDashboard.swift */; };
		85DF0607268C4CA400020559 /* AddExercise.swift in Sources */ = {isa = PBXBuildFile; fileRef = 85DF0606268C4CA400020559 /* AddExercise.swift */; };
		85DF0609268C5ABB00020559 /* ExerciseDetailView.swift in Sources */ = {isa = PBXBuildFile; fileRef = 85DF0608268C5ABB00020559 /* ExerciseDetailView.swift */; };
		85F6FDCC2693A3D70051B60E /* GoogleService-Info.plist in Resources */ = {isa = PBXBuildFile; fileRef = 85F6FDCB2693A3D70051B60E /* GoogleService-Info.plist */; };
		85F6FDCE2693A4E60051B60E /* PushNotificationSender.swift in Sources */ = {isa = PBXBuildFile; fileRef = 85F6FDCD2693A4E60051B60E /* PushNotificationSender.swift */; };
		85F92EEA2694AD9F00698585 /* Routines.swift in Sources */ = {isa = PBXBuildFile; fileRef = 85F92EE92694AD9E00698585 /* Routines.swift */; };
		85FC5F7F26826E5C00CAC57C /* UpdateProfile.swift in Sources */ = {isa = PBXBuildFile; fileRef = 85FC5F7E26826E5B00CAC57C /* UpdateProfile.swift */; };
		A6E001FFBE239836B521EE84 /* Pods_GrowTests.framework in Frameworks */ = {isa = PBXBuildFile; fileRef = 7A37F4C0892EF1E134FAE80A /* Pods_GrowTests.framework */; };
		F08043EF26B0942F002D5C65 /* DashboardView.swift in Sources */ = {isa = PBXBuildFile; fileRef = F08043EE26B0942F002D5C65 /* DashboardView.swift */; };
		F08043F126B0944B002D5C65 /* FoodView.swift in Sources */ = {isa = PBXBuildFile; fileRef = F08043F026B0944B002D5C65 /* FoodView.swift */; };
		F08043F326B3235E002D5C65 /* TrainingView.swift in Sources */ = {isa = PBXBuildFile; fileRef = F08043F226B3235E002D5C65 /* TrainingView.swift */; };
/* End PBXBuildFile section */

/* Begin PBXContainerItemProxy section */
		851AFF472673D6DC0092DA9B /* PBXContainerItemProxy */ = {
			isa = PBXContainerItemProxy;
			containerPortal = 851AFF2D2673D6D70092DA9B /* Project object */;
			proxyType = 1;
			remoteGlobalIDString = 851AFF342673D6D70092DA9B;
			remoteInfo = Grow;
		};
		851AFF522673D6DC0092DA9B /* PBXContainerItemProxy */ = {
			isa = PBXContainerItemProxy;
			containerPortal = 851AFF2D2673D6D70092DA9B /* Project object */;
			proxyType = 1;
			remoteGlobalIDString = 851AFF342673D6D70092DA9B;
			remoteInfo = Grow;
		};
/* End PBXContainerItemProxy section */

/* Begin PBXCopyFilesBuildPhase section */
		8521A2952685BDFC00400657 /* Embed Frameworks */ = {
			isa = PBXCopyFilesBuildPhase;
			buildActionMask = 2147483647;
			dstPath = "";
			dstSubfolderSpec = 10;
			files = (
				8521A2942685BDFC00400657 /* (null) in Embed Frameworks */,
			);
			name = "Embed Frameworks";
			runOnlyForDeploymentPostprocessing = 0;
		};
/* End PBXCopyFilesBuildPhase section */

/* Begin PBXFileReference section */
		74B64DB1C2B74BA9D0648D65 /* Pods-GrowTests.release.xcconfig */ = {isa = PBXFileReference; includeInIndex = 1; lastKnownFileType = text.xcconfig; name = "Pods-GrowTests.release.xcconfig"; path = "Target Support Files/Pods-GrowTests/Pods-GrowTests.release.xcconfig"; sourceTree = "<group>"; };
		7A37F4C0892EF1E134FAE80A /* Pods_GrowTests.framework */ = {isa = PBXFileReference; explicitFileType = wrapper.framework; includeInIndex = 0; path = Pods_GrowTests.framework; sourceTree = BUILT_PRODUCTS_DIR; };
		85037C15268915D500EC344B /* UserModel.swift */ = {isa = PBXFileReference; lastKnownFileType = sourcecode.swift; path = UserModel.swift; sourceTree = "<group>"; };
		8512512A26B9D9350006D304 /* AdaptsKeyboard.swift */ = {isa = PBXFileReference; lastKnownFileType = sourcecode.swift; path = AdaptsKeyboard.swift; sourceTree = "<group>"; };
		851AFF352673D6D70092DA9B /* Grow.app */ = {isa = PBXFileReference; explicitFileType = wrapper.application; includeInIndex = 0; path = Grow.app; sourceTree = BUILT_PRODUCTS_DIR; };
		851AFF382673D6D70092DA9B /* GrowApp.swift */ = {isa = PBXFileReference; lastKnownFileType = sourcecode.swift; path = GrowApp.swift; sourceTree = "<group>"; };
		851AFF3C2673D6DB0092DA9B /* Assets.xcassets */ = {isa = PBXFileReference; lastKnownFileType = folder.assetcatalog; path = Assets.xcassets; sourceTree = "<group>"; };
		851AFF3F2673D6DB0092DA9B /* Preview Assets.xcassets */ = {isa = PBXFileReference; lastKnownFileType = folder.assetcatalog; path = "Preview Assets.xcassets"; sourceTree = "<group>"; };
		851AFF412673D6DB0092DA9B /* Info.plist */ = {isa = PBXFileReference; lastKnownFileType = text.plist.xml; path = Info.plist; sourceTree = "<group>"; };
		851AFF462673D6DC0092DA9B /* GrowTests.xctest */ = {isa = PBXFileReference; explicitFileType = wrapper.cfbundle; includeInIndex = 0; path = GrowTests.xctest; sourceTree = BUILT_PRODUCTS_DIR; };
		851AFF4A2673D6DC0092DA9B /* GrowTests.swift */ = {isa = PBXFileReference; lastKnownFileType = sourcecode.swift; path = GrowTests.swift; sourceTree = "<group>"; };
		851AFF4C2673D6DC0092DA9B /* Info.plist */ = {isa = PBXFileReference; lastKnownFileType = text.plist.xml; path = Info.plist; sourceTree = "<group>"; };
		851AFF512673D6DC0092DA9B /* GrowUITests.xctest */ = {isa = PBXFileReference; explicitFileType = wrapper.cfbundle; includeInIndex = 0; path = GrowUITests.xctest; sourceTree = BUILT_PRODUCTS_DIR; };
		851AFF552673D6DC0092DA9B /* GrowUITests.swift */ = {isa = PBXFileReference; lastKnownFileType = sourcecode.swift; path = GrowUITests.swift; sourceTree = "<group>"; };
		851AFF572673D6DC0092DA9B /* Info.plist */ = {isa = PBXFileReference; lastKnownFileType = text.plist.xml; path = Info.plist; sourceTree = "<group>"; };
		8539186726938D290045A1B5 /* TrainingModel.swift */ = {isa = PBXFileReference; lastKnownFileType = sourcecode.swift; path = TrainingModel.swift; sourceTree = "<group>"; };
		8545E33126B542FC0083F69E /* WorkoutOfTheDayView.swift */ = {isa = PBXFileReference; lastKnownFileType = sourcecode.swift; path = WorkoutOfTheDayView.swift; sourceTree = "<group>"; };
		85476A2E267FBCE200BA68A2 /* LoginView.swift */ = {isa = PBXFileReference; lastKnownFileType = sourcecode.swift; path = LoginView.swift; sourceTree = "<group>"; };
		85476A30267FC04100BA68A2 /* KeyboardResponder.swift */ = {isa = PBXFileReference; lastKnownFileType = sourcecode.swift; path = KeyboardResponder.swift; sourceTree = "<group>"; };
		854B05E92681E81500A824CD /* ProgressIndicator.swift */ = {isa = PBXFileReference; lastKnownFileType = sourcecode.swift; path = ProgressIndicator.swift; sourceTree = "<group>"; };
		854B05EB26820A8700A824CD /* UserDefaults.swift */ = {isa = PBXFileReference; lastKnownFileType = sourcecode.swift; path = UserDefaults.swift; sourceTree = "<group>"; };
		85597D7626A2C166005375F7 /* DisableAutoDismiss.swift */ = {isa = PBXFileReference; lastKnownFileType = sourcecode.swift; path = DisableAutoDismiss.swift; sourceTree = "<group>"; };
		857E6229268472D600A3A9A4 /* Helpers.swift */ = {isa = PBXFileReference; lastKnownFileType = sourcecode.swift; path = Helpers.swift; sourceTree = "<group>"; };
		857E622D2684B80900A3A9A4 /* ImagePicker.swift */ = {isa = PBXFileReference; lastKnownFileType = sourcecode.swift; path = ImagePicker.swift; sourceTree = "<group>"; };
		85887F8426939CBB0084B82E /* Grow.entitlements */ = {isa = PBXFileReference; lastKnownFileType = text.plist.entitlements; path = Grow.entitlements; sourceTree = "<group>"; };
		85887F8526939D050084B82E /* PushNotificationHelper.swift */ = {isa = PBXFileReference; lastKnownFileType = sourcecode.swift; path = PushNotificationHelper.swift; sourceTree = "<group>"; };
		8588C33B2681D0F900535E68 /* SceneDelegate.swift */ = {isa = PBXFileReference; lastKnownFileType = sourcecode.swift; path = SceneDelegate.swift; sourceTree = "<group>"; };
		859B9451268B9A1B003F58F2 /* ExerciseOverview.swift */ = {isa = PBXFileReference; lastKnownFileType = sourcecode.swift; path = ExerciseOverview.swift; sourceTree = "<group>"; };
		859B9453268B9A37003F58F2 /* ExerciseModel.swift */ = {isa = PBXFileReference; lastKnownFileType = sourcecode.swift; path = ExerciseModel.swift; sourceTree = "<group>"; };
		85BACD85267B33BD00FD29D7 /* TrainingFunctions.swift */ = {isa = PBXFileReference; lastKnownFileType = sourcecode.swift; path = TrainingFunctions.swift; sourceTree = "<group>"; };
		85BC5E9226B3255500DBC821 /* TrainingDaySelectionView.swift */ = {isa = PBXFileReference; lastKnownFileType = sourcecode.swift; path = TrainingDaySelectionView.swift; sourceTree = "<group>"; };
		85C48AE226B0978000BFE48E /* FoodModel.swift */ = {isa = PBXFileReference; lastKnownFileType = sourcecode.swift; path = FoodModel.swift; sourceTree = "<group>"; };
		85C48AE426B1E32400BFE48E /* ChatView.swift */ = {isa = PBXFileReference; lastKnownFileType = sourcecode.swift; path = ChatView.swift; sourceTree = "<group>"; };
		85CB7F9F26C1C0A700025736 /* StatisticsModel.swift */ = {isa = PBXFileReference; lastKnownFileType = sourcecode.swift; path = StatisticsModel.swift; sourceTree = "<group>"; };
		85D21060268F8F32002BA11C /* SearchBar.swift */ = {isa = PBXFileReference; lastKnownFileType = sourcecode.swift; path = SearchBar.swift; sourceTree = "<group>"; };
		85D210672691EEA0002BA11C /* TrainingDashboard.swift */ = {isa = PBXFileReference; lastKnownFileType = sourcecode.swift; path = TrainingDashboard.swift; sourceTree = "<group>"; };
		85DF0606268C4CA400020559 /* AddExercise.swift */ = {isa = PBXFileReference; lastKnownFileType = sourcecode.swift; path = AddExercise.swift; sourceTree = "<group>"; };
		85DF0608268C5ABB00020559 /* ExerciseDetailView.swift */ = {isa = PBXFileReference; lastKnownFileType = sourcecode.swift; path = ExerciseDetailView.swift; sourceTree = "<group>"; };
		85F6FDCB2693A3D70051B60E /* GoogleService-Info.plist */ = {isa = PBXFileReference; fileEncoding = 4; lastKnownFileType = text.plist.xml; path = "GoogleService-Info.plist"; sourceTree = "<group>"; };
		85F6FDCD2693A4E60051B60E /* PushNotificationSender.swift */ = {isa = PBXFileReference; lastKnownFileType = sourcecode.swift; path = PushNotificationSender.swift; sourceTree = "<group>"; };
		85F92EE92694AD9E00698585 /* Routines.swift */ = {isa = PBXFileReference; lastKnownFileType = sourcecode.swift; path = Routines.swift; sourceTree = "<group>"; };
		85FC5F7E26826E5B00CAC57C /* UpdateProfile.swift */ = {isa = PBXFileReference; lastKnownFileType = sourcecode.swift; path = UpdateProfile.swift; sourceTree = "<group>"; };
		87EF29623603D4645BA37018 /* Pods-Grow.release.xcconfig */ = {isa = PBXFileReference; includeInIndex = 1; lastKnownFileType = text.xcconfig; name = "Pods-Grow.release.xcconfig"; path = "Target Support Files/Pods-Grow/Pods-Grow.release.xcconfig"; sourceTree = "<group>"; };
		C8DF0475DF192E1486887AF1 /* Pods-Grow-GrowUITests.debug.xcconfig */ = {isa = PBXFileReference; includeInIndex = 1; lastKnownFileType = text.xcconfig; name = "Pods-Grow-GrowUITests.debug.xcconfig"; path = "Target Support Files/Pods-Grow-GrowUITests/Pods-Grow-GrowUITests.debug.xcconfig"; sourceTree = "<group>"; };
		CDB7AACCA6B2946A724EDEA0 /* Pods-Grow-GrowUITests.release.xcconfig */ = {isa = PBXFileReference; includeInIndex = 1; lastKnownFileType = text.xcconfig; name = "Pods-Grow-GrowUITests.release.xcconfig"; path = "Target Support Files/Pods-Grow-GrowUITests/Pods-Grow-GrowUITests.release.xcconfig"; sourceTree = "<group>"; };
		CDEDA238F20F2F8013C33A52 /* Pods-GrowTests.debug.xcconfig */ = {isa = PBXFileReference; includeInIndex = 1; lastKnownFileType = text.xcconfig; name = "Pods-GrowTests.debug.xcconfig"; path = "Target Support Files/Pods-GrowTests/Pods-GrowTests.debug.xcconfig"; sourceTree = "<group>"; };
		D2F1545A4D93566705ECD8C1 /* Pods-Grow.debug.xcconfig */ = {isa = PBXFileReference; includeInIndex = 1; lastKnownFileType = text.xcconfig; name = "Pods-Grow.debug.xcconfig"; path = "Target Support Files/Pods-Grow/Pods-Grow.debug.xcconfig"; sourceTree = "<group>"; };
		E5138FA79BC7CEA39171F1B9 /* Pods_Grow_GrowUITests.framework */ = {isa = PBXFileReference; explicitFileType = wrapper.framework; includeInIndex = 0; path = Pods_Grow_GrowUITests.framework; sourceTree = BUILT_PRODUCTS_DIR; };
		ED30685E6FCB1070B6129F05 /* Pods_Grow.framework */ = {isa = PBXFileReference; explicitFileType = wrapper.framework; includeInIndex = 0; path = Pods_Grow.framework; sourceTree = BUILT_PRODUCTS_DIR; };
		F08043EE26B0942F002D5C65 /* DashboardView.swift */ = {isa = PBXFileReference; lastKnownFileType = sourcecode.swift; path = DashboardView.swift; sourceTree = "<group>"; };
		F08043F026B0944B002D5C65 /* FoodView.swift */ = {isa = PBXFileReference; lastKnownFileType = sourcecode.swift; path = FoodView.swift; sourceTree = "<group>"; };
		F08043F226B3235E002D5C65 /* TrainingView.swift */ = {isa = PBXFileReference; lastKnownFileType = sourcecode.swift; path = TrainingView.swift; sourceTree = "<group>"; };
/* End PBXFileReference section */

/* Begin PBXFrameworksBuildPhase section */
		851AFF322673D6D70092DA9B /* Frameworks */ = {
			isa = PBXFrameworksBuildPhase;
			buildActionMask = 2147483647;
			files = (
				85BA4E60268A6D5700D71521 /* Pods_Grow.framework in Frameworks */,
				8512512326B944650006D304 /* KeyboardToolbar in Frameworks */,
			);
			runOnlyForDeploymentPostprocessing = 0;
		};
		851AFF432673D6DC0092DA9B /* Frameworks */ = {
			isa = PBXFrameworksBuildPhase;
			buildActionMask = 2147483647;
			files = (
				A6E001FFBE239836B521EE84 /* Pods_GrowTests.framework in Frameworks */,
			);
			runOnlyForDeploymentPostprocessing = 0;
		};
		851AFF4E2673D6DC0092DA9B /* Frameworks */ = {
			isa = PBXFrameworksBuildPhase;
			buildActionMask = 2147483647;
			files = (
				66DCCA41E695FC061C97932F /* Pods_Grow_GrowUITests.framework in Frameworks */,
			);
			runOnlyForDeploymentPostprocessing = 0;
		};
/* End PBXFrameworksBuildPhase section */

/* Begin PBXGroup section */
		64979F16A846C94D61E978FE /* Frameworks */ = {
			isa = PBXGroup;
			children = (
				ED30685E6FCB1070B6129F05 /* Pods_Grow.framework */,
				E5138FA79BC7CEA39171F1B9 /* Pods_Grow_GrowUITests.framework */,
				7A37F4C0892EF1E134FAE80A /* Pods_GrowTests.framework */,
			);
			name = Frameworks;
			sourceTree = "<group>";
		};
		851AFF2C2673D6D70092DA9B = {
			isa = PBXGroup;
			children = (
				851AFF372673D6D70092DA9B /* Grow */,
				851AFF492673D6DC0092DA9B /* GrowTests */,
				851AFF542673D6DC0092DA9B /* GrowUITests */,
				851AFF362673D6D70092DA9B /* Products */,
				E29AEFD6DB6DBB1C52CFFAB8 /* Pods */,
				64979F16A846C94D61E978FE /* Frameworks */,
			);
			sourceTree = "<group>";
		};
		851AFF362673D6D70092DA9B /* Products */ = {
			isa = PBXGroup;
			children = (
				851AFF352673D6D70092DA9B /* Grow.app */,
				851AFF462673D6DC0092DA9B /* GrowTests.xctest */,
				851AFF512673D6DC0092DA9B /* GrowUITests.xctest */,
			);
			name = Products;
			sourceTree = "<group>";
		};
		851AFF372673D6D70092DA9B /* Grow */ = {
			isa = PBXGroup;
			children = (
				85887F8426939CBB0084B82E /* Grow.entitlements */,
				85BACD88267B3EC700FD29D7 /* Views */,
				85BACD87267B33D100FD29D7 /* Controllers */,
				85E3486D26750412003C4311 /* Models */,
				851AFF3C2673D6DB0092DA9B /* Assets.xcassets */,
				851AFF382673D6D70092DA9B /* GrowApp.swift */,
				851AFF412673D6DB0092DA9B /* Info.plist */,
				85F6FDCB2693A3D70051B60E /* GoogleService-Info.plist */,
				851AFF3E2673D6DB0092DA9B /* Preview Content */,
			);
			path = Grow;
			sourceTree = "<group>";
		};
		851AFF3E2673D6DB0092DA9B /* Preview Content */ = {
			isa = PBXGroup;
			children = (
				851AFF3F2673D6DB0092DA9B /* Preview Assets.xcassets */,
			);
			path = "Preview Content";
			sourceTree = "<group>";
		};
		851AFF492673D6DC0092DA9B /* GrowTests */ = {
			isa = PBXGroup;
			children = (
				851AFF4A2673D6DC0092DA9B /* GrowTests.swift */,
				851AFF4C2673D6DC0092DA9B /* Info.plist */,
			);
			path = GrowTests;
			sourceTree = "<group>";
		};
		851AFF542673D6DC0092DA9B /* GrowUITests */ = {
			isa = PBXGroup;
			children = (
				851AFF552673D6DC0092DA9B /* GrowUITests.swift */,
				851AFF572673D6DC0092DA9B /* Info.plist */,
			);
			path = GrowUITests;
			sourceTree = "<group>";
		};
		85BACD87267B33D100FD29D7 /* Controllers */ = {
			isa = PBXGroup;
			children = (
				854B05EB26820A8700A824CD /* UserDefaults.swift */,
				85476A30267FC04100BA68A2 /* KeyboardResponder.swift */,
				85BACD85267B33BD00FD29D7 /* TrainingFunctions.swift */,
				857E6229268472D600A3A9A4 /* Helpers.swift */,
				857E622D2684B80900A3A9A4 /* ImagePicker.swift */,
				85887F8526939D050084B82E /* PushNotificationHelper.swift */,
				85F6FDCD2693A4E60051B60E /* PushNotificationSender.swift */,
				85597D7626A2C166005375F7 /* DisableAutoDismiss.swift */,
				8512512A26B9D9350006D304 /* AdaptsKeyboard.swift */,
			);
			path = Controllers;
			sourceTree = "<group>";
		};
		85BACD88267B3EC700FD29D7 /* Views */ = {
			isa = PBXGroup;
			children = (
				85D210652691EE47002BA11C /* Training */,
				85D210642691EC69002BA11C /* Exercises */,
				85D210632691EBCA002BA11C /* Dashboard */,
				85D210622691EBBD002BA11C /* Profile */,
				854B05E92681E81500A824CD /* ProgressIndicator.swift */,
				85D21060268F8F32002BA11C /* SearchBar.swift */,
			);
			path = Views;
			sourceTree = "<group>";
		};
		85D210622691EBBD002BA11C /* Profile */ = {
			isa = PBXGroup;
			children = (
				85FC5F7E26826E5B00CAC57C /* UpdateProfile.swift */,
			);
			path = Profile;
			sourceTree = "<group>";
		};
		85D210632691EBCA002BA11C /* Dashboard */ = {
			isa = PBXGroup;
			children = (
				F08043EE26B0942F002D5C65 /* DashboardView.swift */,
				8588C33B2681D0F900535E68 /* SceneDelegate.swift */,
				85476A2E267FBCE200BA68A2 /* LoginView.swift */,
				85C48AE426B1E32400BFE48E /* ChatView.swift */,
			);
			path = Dashboard;
			sourceTree = "<group>";
		};
		85D210642691EC69002BA11C /* Exercises */ = {
			isa = PBXGroup;
			children = (
				859B9451268B9A1B003F58F2 /* ExerciseOverview.swift */,
				85DF0608268C5ABB00020559 /* ExerciseDetailView.swift */,
				85DF0606268C4CA400020559 /* AddExercise.swift */,
				F08043F026B0944B002D5C65 /* FoodView.swift */,
				F08043F226B3235E002D5C65 /* TrainingView.swift */,
			);
			path = Exercises;
			sourceTree = "<group>";
		};
		85D210652691EE47002BA11C /* Training */ = {
			isa = PBXGroup;
			children = (
				85D210662691EE55002BA11C /* Creation */,
				85D210672691EEA0002BA11C /* TrainingDashboard.swift */,
				85BC5E9226B3255500DBC821 /* TrainingDaySelectionView.swift */,
				8545E33126B542FC0083F69E /* WorkoutOfTheDayView.swift */,
			);
			path = Training;
			sourceTree = "<group>";
		};
		85D210662691EE55002BA11C /* Creation */ = {
			isa = PBXGroup;
			children = (
				85F92EE92694AD9E00698585 /* Routines.swift */,
			);
			path = Creation;
			sourceTree = "<group>";
		};
		85E3486D26750412003C4311 /* Models */ = {
			isa = PBXGroup;
			children = (
				85037C15268915D500EC344B /* UserModel.swift */,
				859B9453268B9A37003F58F2 /* ExerciseModel.swift */,
				8539186726938D290045A1B5 /* TrainingModel.swift */,
				85C48AE226B0978000BFE48E /* FoodModel.swift */,
				85CB7F9F26C1C0A700025736 /* StatisticsModel.swift */,
			);
			path = Models;
			sourceTree = "<group>";
		};
		E29AEFD6DB6DBB1C52CFFAB8 /* Pods */ = {
			isa = PBXGroup;
			children = (
				D2F1545A4D93566705ECD8C1 /* Pods-Grow.debug.xcconfig */,
				87EF29623603D4645BA37018 /* Pods-Grow.release.xcconfig */,
				C8DF0475DF192E1486887AF1 /* Pods-Grow-GrowUITests.debug.xcconfig */,
				CDB7AACCA6B2946A724EDEA0 /* Pods-Grow-GrowUITests.release.xcconfig */,
				CDEDA238F20F2F8013C33A52 /* Pods-GrowTests.debug.xcconfig */,
				74B64DB1C2B74BA9D0648D65 /* Pods-GrowTests.release.xcconfig */,
			);
			path = Pods;
			sourceTree = "<group>";
		};
/* End PBXGroup section */

/* Begin PBXNativeTarget section */
		851AFF342673D6D70092DA9B /* Grow */ = {
			isa = PBXNativeTarget;
			buildConfigurationList = 851AFF5A2673D6DC0092DA9B /* Build configuration list for PBXNativeTarget "Grow" */;
			buildPhases = (
				1E5BD71340B493AE202728FE /* [CP] Check Pods Manifest.lock */,
				851AFF312673D6D70092DA9B /* Sources */,
				851AFF322673D6D70092DA9B /* Frameworks */,
				851AFF332673D6D70092DA9B /* Resources */,
				8521A2952685BDFC00400657 /* Embed Frameworks */,
				E7AD698BCD95E06B7DC529AA /* [CP] Embed Pods Frameworks */,
			);
			buildRules = (
			);
			dependencies = (
			);
			name = Grow;
			packageProductDependencies = (
				8512512226B944650006D304 /* KeyboardToolbar */,
			);
			productName = Grow;
			productReference = 851AFF352673D6D70092DA9B /* Grow.app */;
			productType = "com.apple.product-type.application";
		};
		851AFF452673D6DC0092DA9B /* GrowTests */ = {
			isa = PBXNativeTarget;
			buildConfigurationList = 851AFF5D2673D6DC0092DA9B /* Build configuration list for PBXNativeTarget "GrowTests" */;
			buildPhases = (
				62C5426E5580A5B8E547D97A /* [CP] Check Pods Manifest.lock */,
				851AFF422673D6DC0092DA9B /* Sources */,
				851AFF432673D6DC0092DA9B /* Frameworks */,
				851AFF442673D6DC0092DA9B /* Resources */,
			);
			buildRules = (
			);
			dependencies = (
				851AFF482673D6DC0092DA9B /* PBXTargetDependency */,
			);
			name = GrowTests;
			productName = GrowTests;
			productReference = 851AFF462673D6DC0092DA9B /* GrowTests.xctest */;
			productType = "com.apple.product-type.bundle.unit-test";
		};
		851AFF502673D6DC0092DA9B /* GrowUITests */ = {
			isa = PBXNativeTarget;
			buildConfigurationList = 851AFF602673D6DC0092DA9B /* Build configuration list for PBXNativeTarget "GrowUITests" */;
			buildPhases = (
				0243FBED681AEE0AAB748787 /* [CP] Check Pods Manifest.lock */,
				851AFF4D2673D6DC0092DA9B /* Sources */,
				851AFF4E2673D6DC0092DA9B /* Frameworks */,
				851AFF4F2673D6DC0092DA9B /* Resources */,
				55D9E4503F824581452ECAEB /* [CP] Embed Pods Frameworks */,
			);
			buildRules = (
			);
			dependencies = (
				851AFF532673D6DC0092DA9B /* PBXTargetDependency */,
			);
			name = GrowUITests;
			productName = GrowUITests;
			productReference = 851AFF512673D6DC0092DA9B /* GrowUITests.xctest */;
			productType = "com.apple.product-type.bundle.ui-testing";
		};
/* End PBXNativeTarget section */

/* Begin PBXProject section */
		851AFF2D2673D6D70092DA9B /* Project object */ = {
			isa = PBXProject;
			attributes = {
				LastSwiftUpdateCheck = 1250;
				LastUpgradeCheck = 1250;
				TargetAttributes = {
					851AFF342673D6D70092DA9B = {
						CreatedOnToolsVersion = 12.5;
					};
					851AFF452673D6DC0092DA9B = {
						CreatedOnToolsVersion = 12.5;
						TestTargetID = 851AFF342673D6D70092DA9B;
					};
					851AFF502673D6DC0092DA9B = {
						CreatedOnToolsVersion = 12.5;
						TestTargetID = 851AFF342673D6D70092DA9B;
					};
				};
			};
			buildConfigurationList = 851AFF302673D6D70092DA9B /* Build configuration list for PBXProject "Grow" */;
			compatibilityVersion = "Xcode 9.3";
			developmentRegion = en;
			hasScannedForEncodings = 0;
			knownRegions = (
				en,
				Base,
			);
			mainGroup = 851AFF2C2673D6D70092DA9B;
			packageReferences = (
				8512512126B944650006D304 /* XCRemoteSwiftPackageReference "KeyboardToolbar" */,
			);
			productRefGroup = 851AFF362673D6D70092DA9B /* Products */;
			projectDirPath = "";
			projectRoot = "";
			targets = (
				851AFF342673D6D70092DA9B /* Grow */,
				851AFF452673D6DC0092DA9B /* GrowTests */,
				851AFF502673D6DC0092DA9B /* GrowUITests */,
			);
		};
/* End PBXProject section */

/* Begin PBXResourcesBuildPhase section */
		851AFF332673D6D70092DA9B /* Resources */ = {
			isa = PBXResourcesBuildPhase;
			buildActionMask = 2147483647;
			files = (
				851AFF402673D6DB0092DA9B /* Preview Assets.xcassets in Resources */,
				851AFF3D2673D6DB0092DA9B /* Assets.xcassets in Resources */,
				85F6FDCC2693A3D70051B60E /* GoogleService-Info.plist in Resources */,
			);
			runOnlyForDeploymentPostprocessing = 0;
		};
		851AFF442673D6DC0092DA9B /* Resources */ = {
			isa = PBXResourcesBuildPhase;
			buildActionMask = 2147483647;
			files = (
			);
			runOnlyForDeploymentPostprocessing = 0;
		};
		851AFF4F2673D6DC0092DA9B /* Resources */ = {
			isa = PBXResourcesBuildPhase;
			buildActionMask = 2147483647;
			files = (
			);
			runOnlyForDeploymentPostprocessing = 0;
		};
/* End PBXResourcesBuildPhase section */

/* Begin PBXShellScriptBuildPhase section */
		0243FBED681AEE0AAB748787 /* [CP] Check Pods Manifest.lock */ = {
			isa = PBXShellScriptBuildPhase;
			buildActionMask = 2147483647;
			files = (
			);
			inputFileListPaths = (
			);
			inputPaths = (
				"${PODS_PODFILE_DIR_PATH}/Podfile.lock",
				"${PODS_ROOT}/Manifest.lock",
			);
			name = "[CP] Check Pods Manifest.lock";
			outputFileListPaths = (
			);
			outputPaths = (
				"$(DERIVED_FILE_DIR)/Pods-Grow-GrowUITests-checkManifestLockResult.txt",
			);
			runOnlyForDeploymentPostprocessing = 0;
			shellPath = /bin/sh;
			shellScript = "diff \"${PODS_PODFILE_DIR_PATH}/Podfile.lock\" \"${PODS_ROOT}/Manifest.lock\" > /dev/null\nif [ $? != 0 ] ; then\n    # print error to STDERR\n    echo \"error: The sandbox is not in sync with the Podfile.lock. Run 'pod install' or update your CocoaPods installation.\" >&2\n    exit 1\nfi\n# This output is used by Xcode 'outputs' to avoid re-running this script phase.\necho \"SUCCESS\" > \"${SCRIPT_OUTPUT_FILE_0}\"\n";
			showEnvVarsInLog = 0;
		};
		1E5BD71340B493AE202728FE /* [CP] Check Pods Manifest.lock */ = {
			isa = PBXShellScriptBuildPhase;
			buildActionMask = 2147483647;
			files = (
			);
			inputFileListPaths = (
			);
			inputPaths = (
				"${PODS_PODFILE_DIR_PATH}/Podfile.lock",
				"${PODS_ROOT}/Manifest.lock",
			);
			name = "[CP] Check Pods Manifest.lock";
			outputFileListPaths = (
			);
			outputPaths = (
				"$(DERIVED_FILE_DIR)/Pods-Grow-checkManifestLockResult.txt",
			);
			runOnlyForDeploymentPostprocessing = 0;
			shellPath = /bin/sh;
			shellScript = "diff \"${PODS_PODFILE_DIR_PATH}/Podfile.lock\" \"${PODS_ROOT}/Manifest.lock\" > /dev/null\nif [ $? != 0 ] ; then\n    # print error to STDERR\n    echo \"error: The sandbox is not in sync with the Podfile.lock. Run 'pod install' or update your CocoaPods installation.\" >&2\n    exit 1\nfi\n# This output is used by Xcode 'outputs' to avoid re-running this script phase.\necho \"SUCCESS\" > \"${SCRIPT_OUTPUT_FILE_0}\"\n";
			showEnvVarsInLog = 0;
		};
		55D9E4503F824581452ECAEB /* [CP] Embed Pods Frameworks */ = {
			isa = PBXShellScriptBuildPhase;
			buildActionMask = 2147483647;
			files = (
			);
			inputFileListPaths = (
				"${PODS_ROOT}/Target Support Files/Pods-Grow-GrowUITests/Pods-Grow-GrowUITests-frameworks-${CONFIGURATION}-input-files.xcfilelist",
			);
			name = "[CP] Embed Pods Frameworks";
			outputFileListPaths = (
				"${PODS_ROOT}/Target Support Files/Pods-Grow-GrowUITests/Pods-Grow-GrowUITests-frameworks-${CONFIGURATION}-output-files.xcfilelist",
			);
			runOnlyForDeploymentPostprocessing = 0;
			shellPath = /bin/sh;
			shellScript = "\"${PODS_ROOT}/Target Support Files/Pods-Grow-GrowUITests/Pods-Grow-GrowUITests-frameworks.sh\"\n";
			showEnvVarsInLog = 0;
		};
		62C5426E5580A5B8E547D97A /* [CP] Check Pods Manifest.lock */ = {
			isa = PBXShellScriptBuildPhase;
			buildActionMask = 2147483647;
			files = (
			);
			inputFileListPaths = (
			);
			inputPaths = (
				"${PODS_PODFILE_DIR_PATH}/Podfile.lock",
				"${PODS_ROOT}/Manifest.lock",
			);
			name = "[CP] Check Pods Manifest.lock";
			outputFileListPaths = (
			);
			outputPaths = (
				"$(DERIVED_FILE_DIR)/Pods-GrowTests-checkManifestLockResult.txt",
			);
			runOnlyForDeploymentPostprocessing = 0;
			shellPath = /bin/sh;
			shellScript = "diff \"${PODS_PODFILE_DIR_PATH}/Podfile.lock\" \"${PODS_ROOT}/Manifest.lock\" > /dev/null\nif [ $? != 0 ] ; then\n    # print error to STDERR\n    echo \"error: The sandbox is not in sync with the Podfile.lock. Run 'pod install' or update your CocoaPods installation.\" >&2\n    exit 1\nfi\n# This output is used by Xcode 'outputs' to avoid re-running this script phase.\necho \"SUCCESS\" > \"${SCRIPT_OUTPUT_FILE_0}\"\n";
			showEnvVarsInLog = 0;
		};
		E7AD698BCD95E06B7DC529AA /* [CP] Embed Pods Frameworks */ = {
			isa = PBXShellScriptBuildPhase;
			buildActionMask = 2147483647;
			files = (
			);
			inputFileListPaths = (
				"${PODS_ROOT}/Target Support Files/Pods-Grow/Pods-Grow-frameworks-${CONFIGURATION}-input-files.xcfilelist",
			);
			name = "[CP] Embed Pods Frameworks";
			outputFileListPaths = (
				"${PODS_ROOT}/Target Support Files/Pods-Grow/Pods-Grow-frameworks-${CONFIGURATION}-output-files.xcfilelist",
			);
			runOnlyForDeploymentPostprocessing = 0;
			shellPath = /bin/sh;
			shellScript = "\"${PODS_ROOT}/Target Support Files/Pods-Grow/Pods-Grow-frameworks.sh\"\n";
			showEnvVarsInLog = 0;
		};
/* End PBXShellScriptBuildPhase section */

/* Begin PBXSourcesBuildPhase section */
		851AFF312673D6D70092DA9B /* Sources */ = {
			isa = PBXSourcesBuildPhase;
			buildActionMask = 2147483647;
			files = (
				85FC5F7F26826E5C00CAC57C /* UpdateProfile.swift in Sources */,
				85BC5E9326B3255500DBC821 /* TrainingDaySelectionView.swift in Sources */,
				854B05EA2681E81500A824CD /* ProgressIndicator.swift in Sources */,
				8539186826938D290045A1B5 /* TrainingModel.swift in Sources */,
				85DF0607268C4CA400020559 /* AddExercise.swift in Sources */,
				85C48AE526B1E32400BFE48E /* ChatView.swift in Sources */,
				F08043EF26B0942F002D5C65 /* DashboardView.swift in Sources */,
				85D210682691EEA0002BA11C /* TrainingDashboard.swift in Sources */,
				8512512B26B9D9350006D304 /* AdaptsKeyboard.swift in Sources */,
				85BACD86267B33BD00FD29D7 /* TrainingFunctions.swift in Sources */,
				85F92EEA2694AD9F00698585 /* Routines.swift in Sources */,
				85DF0609268C5ABB00020559 /* ExerciseDetailView.swift in Sources */,
				85CB7FA026C1C0A700025736 /* StatisticsModel.swift in Sources */,
				85D21061268F8F32002BA11C /* SearchBar.swift in Sources */,
				F08043F326B3235E002D5C65 /* TrainingView.swift in Sources */,
				85C48AE326B0978100BFE48E /* FoodModel.swift in Sources */,
				859B9454268B9A37003F58F2 /* ExerciseModel.swift in Sources */,
				85037C16268915D500EC344B /* UserModel.swift in Sources */,
				85476A31267FC04100BA68A2 /* KeyboardResponder.swift in Sources */,
				854B05EC26820A8700A824CD /* UserDefaults.swift in Sources */,
				859B9452268B9A1B003F58F2 /* ExerciseOverview.swift in Sources */,
				8545E33226B542FC0083F69E /* WorkoutOfTheDayView.swift in Sources */,
				8588C33C2681D0FA00535E68 /* SceneDelegate.swift in Sources */,
				85476A2F267FBCE200BA68A2 /* LoginView.swift in Sources */,
				F08043F126B0944B002D5C65 /* FoodView.swift in Sources */,
				85F6FDCE2693A4E60051B60E /* PushNotificationSender.swift in Sources */,
				857E622E2684B80900A3A9A4 /* ImagePicker.swift in Sources */,
				85597D7726A2C166005375F7 /* DisableAutoDismiss.swift in Sources */,
				857E622A268472D600A3A9A4 /* Helpers.swift in Sources */,
				85887F8626939D050084B82E /* PushNotificationHelper.swift in Sources */,
				851AFF392673D6D70092DA9B /* GrowApp.swift in Sources */,
			);
			runOnlyForDeploymentPostprocessing = 0;
		};
		851AFF422673D6DC0092DA9B /* Sources */ = {
			isa = PBXSourcesBuildPhase;
			buildActionMask = 2147483647;
			files = (
				851AFF4B2673D6DC0092DA9B /* GrowTests.swift in Sources */,
			);
			runOnlyForDeploymentPostprocessing = 0;
		};
		851AFF4D2673D6DC0092DA9B /* Sources */ = {
			isa = PBXSourcesBuildPhase;
			buildActionMask = 2147483647;
			files = (
				851AFF562673D6DC0092DA9B /* GrowUITests.swift in Sources */,
			);
			runOnlyForDeploymentPostprocessing = 0;
		};
/* End PBXSourcesBuildPhase section */

/* Begin PBXTargetDependency section */
		851AFF482673D6DC0092DA9B /* PBXTargetDependency */ = {
			isa = PBXTargetDependency;
			target = 851AFF342673D6D70092DA9B /* Grow */;
			targetProxy = 851AFF472673D6DC0092DA9B /* PBXContainerItemProxy */;
		};
		851AFF532673D6DC0092DA9B /* PBXTargetDependency */ = {
			isa = PBXTargetDependency;
			target = 851AFF342673D6D70092DA9B /* Grow */;
			targetProxy = 851AFF522673D6DC0092DA9B /* PBXContainerItemProxy */;
		};
/* End PBXTargetDependency section */

/* Begin XCBuildConfiguration section */
		851AFF582673D6DC0092DA9B /* Debug */ = {
			isa = XCBuildConfiguration;
			buildSettings = {
				ALWAYS_SEARCH_USER_PATHS = NO;
				CLANG_ANALYZER_NONNULL = YES;
				CLANG_ANALYZER_NUMBER_OBJECT_CONVERSION = YES_AGGRESSIVE;
				CLANG_CXX_LANGUAGE_STANDARD = "gnu++14";
				CLANG_CXX_LIBRARY = "libc++";
				CLANG_ENABLE_MODULES = YES;
				CLANG_ENABLE_OBJC_ARC = YES;
				CLANG_ENABLE_OBJC_WEAK = YES;
				CLANG_WARN_BLOCK_CAPTURE_AUTORELEASING = YES;
				CLANG_WARN_BOOL_CONVERSION = YES;
				CLANG_WARN_COMMA = YES;
				CLANG_WARN_CONSTANT_CONVERSION = YES;
				CLANG_WARN_DEPRECATED_OBJC_IMPLEMENTATIONS = YES;
				CLANG_WARN_DIRECT_OBJC_ISA_USAGE = YES_ERROR;
				CLANG_WARN_DOCUMENTATION_COMMENTS = YES;
				CLANG_WARN_EMPTY_BODY = YES;
				CLANG_WARN_ENUM_CONVERSION = YES;
				CLANG_WARN_INFINITE_RECURSION = YES;
				CLANG_WARN_INT_CONVERSION = YES;
				CLANG_WARN_NON_LITERAL_NULL_CONVERSION = YES;
				CLANG_WARN_OBJC_IMPLICIT_RETAIN_SELF = YES;
				CLANG_WARN_OBJC_LITERAL_CONVERSION = YES;
				CLANG_WARN_OBJC_ROOT_CLASS = YES_ERROR;
				CLANG_WARN_QUOTED_INCLUDE_IN_FRAMEWORK_HEADER = YES;
				CLANG_WARN_RANGE_LOOP_ANALYSIS = YES;
				CLANG_WARN_STRICT_PROTOTYPES = YES;
				CLANG_WARN_SUSPICIOUS_MOVE = YES;
				CLANG_WARN_UNGUARDED_AVAILABILITY = YES_AGGRESSIVE;
				CLANG_WARN_UNREACHABLE_CODE = YES;
				CLANG_WARN__DUPLICATE_METHOD_MATCH = YES;
				COPY_PHASE_STRIP = NO;
				DEBUG_INFORMATION_FORMAT = dwarf;
				ENABLE_STRICT_OBJC_MSGSEND = YES;
				ENABLE_TESTABILITY = YES;
				GCC_C_LANGUAGE_STANDARD = gnu11;
				GCC_DYNAMIC_NO_PIC = NO;
				GCC_NO_COMMON_BLOCKS = YES;
				GCC_OPTIMIZATION_LEVEL = 0;
				GCC_PREPROCESSOR_DEFINITIONS = (
					"DEBUG=1",
					"$(inherited)",
				);
				GCC_WARN_64_TO_32_BIT_CONVERSION = YES;
				GCC_WARN_ABOUT_RETURN_TYPE = YES_ERROR;
				GCC_WARN_UNDECLARED_SELECTOR = YES;
				GCC_WARN_UNINITIALIZED_AUTOS = YES_AGGRESSIVE;
				GCC_WARN_UNUSED_FUNCTION = YES;
				GCC_WARN_UNUSED_VARIABLE = YES;
				IPHONEOS_DEPLOYMENT_TARGET = 14.5;
				MTL_ENABLE_DEBUG_INFO = INCLUDE_SOURCE;
				MTL_FAST_MATH = YES;
				ONLY_ACTIVE_ARCH = YES;
				SDKROOT = iphoneos;
				SWIFT_ACTIVE_COMPILATION_CONDITIONS = DEBUG;
				SWIFT_OPTIMIZATION_LEVEL = "-Onone";
			};
			name = Debug;
		};
		851AFF592673D6DC0092DA9B /* Release */ = {
			isa = XCBuildConfiguration;
			buildSettings = {
				ALWAYS_SEARCH_USER_PATHS = NO;
				CLANG_ANALYZER_NONNULL = YES;
				CLANG_ANALYZER_NUMBER_OBJECT_CONVERSION = YES_AGGRESSIVE;
				CLANG_CXX_LANGUAGE_STANDARD = "gnu++14";
				CLANG_CXX_LIBRARY = "libc++";
				CLANG_ENABLE_MODULES = YES;
				CLANG_ENABLE_OBJC_ARC = YES;
				CLANG_ENABLE_OBJC_WEAK = YES;
				CLANG_WARN_BLOCK_CAPTURE_AUTORELEASING = YES;
				CLANG_WARN_BOOL_CONVERSION = YES;
				CLANG_WARN_COMMA = YES;
				CLANG_WARN_CONSTANT_CONVERSION = YES;
				CLANG_WARN_DEPRECATED_OBJC_IMPLEMENTATIONS = YES;
				CLANG_WARN_DIRECT_OBJC_ISA_USAGE = YES_ERROR;
				CLANG_WARN_DOCUMENTATION_COMMENTS = YES;
				CLANG_WARN_EMPTY_BODY = YES;
				CLANG_WARN_ENUM_CONVERSION = YES;
				CLANG_WARN_INFINITE_RECURSION = YES;
				CLANG_WARN_INT_CONVERSION = YES;
				CLANG_WARN_NON_LITERAL_NULL_CONVERSION = YES;
				CLANG_WARN_OBJC_IMPLICIT_RETAIN_SELF = YES;
				CLANG_WARN_OBJC_LITERAL_CONVERSION = YES;
				CLANG_WARN_OBJC_ROOT_CLASS = YES_ERROR;
				CLANG_WARN_QUOTED_INCLUDE_IN_FRAMEWORK_HEADER = YES;
				CLANG_WARN_RANGE_LOOP_ANALYSIS = YES;
				CLANG_WARN_STRICT_PROTOTYPES = YES;
				CLANG_WARN_SUSPICIOUS_MOVE = YES;
				CLANG_WARN_UNGUARDED_AVAILABILITY = YES_AGGRESSIVE;
				CLANG_WARN_UNREACHABLE_CODE = YES;
				CLANG_WARN__DUPLICATE_METHOD_MATCH = YES;
				COPY_PHASE_STRIP = NO;
				DEBUG_INFORMATION_FORMAT = "dwarf-with-dsym";
				ENABLE_NS_ASSERTIONS = NO;
				ENABLE_STRICT_OBJC_MSGSEND = YES;
				GCC_C_LANGUAGE_STANDARD = gnu11;
				GCC_NO_COMMON_BLOCKS = YES;
				GCC_WARN_64_TO_32_BIT_CONVERSION = YES;
				GCC_WARN_ABOUT_RETURN_TYPE = YES_ERROR;
				GCC_WARN_UNDECLARED_SELECTOR = YES;
				GCC_WARN_UNINITIALIZED_AUTOS = YES_AGGRESSIVE;
				GCC_WARN_UNUSED_FUNCTION = YES;
				GCC_WARN_UNUSED_VARIABLE = YES;
				IPHONEOS_DEPLOYMENT_TARGET = 14.5;
				MTL_ENABLE_DEBUG_INFO = NO;
				MTL_FAST_MATH = YES;
				SDKROOT = iphoneos;
				SWIFT_COMPILATION_MODE = wholemodule;
				SWIFT_OPTIMIZATION_LEVEL = "-O";
				VALIDATE_PRODUCT = YES;
			};
			name = Release;
		};
		851AFF5B2673D6DC0092DA9B /* Debug */ = {
			isa = XCBuildConfiguration;
			baseConfigurationReference = D2F1545A4D93566705ECD8C1 /* Pods-Grow.debug.xcconfig */;
			buildSettings = {
				ASSETCATALOG_COMPILER_APPICON_NAME = AppIcon;
				ASSETCATALOG_COMPILER_GLOBAL_ACCENT_COLOR_NAME = AccentColor;
				CODE_SIGN_ENTITLEMENTS = Grow/Grow.entitlements;
				CODE_SIGN_IDENTITY = "Apple Development";
				CODE_SIGN_STYLE = Automatic;
				CURRENT_PROJECT_VERSION = 10;
				DEVELOPMENT_ASSET_PATHS = "\"Grow/Preview Content\"";
				DEVELOPMENT_TEAM = V8EUC3L37P;
				ENABLE_PREVIEWS = YES;
				INFOPLIST_FILE = Grow/Info.plist;
				IPHONEOS_DEPLOYMENT_TARGET = 14.5;
				LD_RUNPATH_SEARCH_PATHS = (
					"$(inherited)",
					"@executable_path/Frameworks",
				);
				OTHER_LDFLAGS = (
					"$(inherited)",
					"-l\"c++\"",
					"-l\"icucore\"",
					"-l\"sqlite3\"",
					"-l\"z\"",
					"-framework",
					"\"CFNetwork\"",
					"-framework",
					"\"CoreTelephony\"",
					"-framework",
					"\"FBLPromises\"",
					"-framework",
					"\"FirebaseAnalytics\"",
					"-framework",
					"\"FirebaseAuth\"",
					"-framework",
					"\"FirebaseCore\"",
					"-framework",
					"\"FirebaseCoreDiagnostics\"",
					"-framework",
					"\"FirebaseDatabase\"",
					"-framework",
					"\"FirebaseInstallations\"",
					"-framework",
					"\"Foundation\"",
					"-framework",
					"\"GTMSessionFetcher\"",
					"-framework",
					"\"GoogleAppMeasurement\"",
					"-framework",
					"\"GoogleDataTransport\"",
					"-framework",
					"\"GoogleUtilities\"",
					"-framework",
					"\"SafariServices\"",
					"-framework",
					"\"Security\"",
					"-framework",
					"\"StoreKit\"",
					"-framework",
					"\"SystemConfiguration\"",
					"-framework",
					"\"UIKit\"",
					"-framework",
					"\"leveldb\"",
					"-framework",
					"\"nanopb\"",
				);
				PRODUCT_BUNDLE_IDENTIFIER = com.muscle.grow;
				PRODUCT_NAME = "$(TARGET_NAME)";
				PROVISIONING_PROFILE_SPECIFIER = "";
				SWIFT_VERSION = 5.0;
				TARGETED_DEVICE_FAMILY = "1,2";
			};
			name = Debug;
		};
		851AFF5C2673D6DC0092DA9B /* Release */ = {
			isa = XCBuildConfiguration;
			baseConfigurationReference = 87EF29623603D4645BA37018 /* Pods-Grow.release.xcconfig */;
			buildSettings = {
				ASSETCATALOG_COMPILER_APPICON_NAME = AppIcon;
				ASSETCATALOG_COMPILER_GLOBAL_ACCENT_COLOR_NAME = AccentColor;
				CODE_SIGN_ENTITLEMENTS = Grow/Grow.entitlements;
				CODE_SIGN_IDENTITY = "Apple Development";
				CODE_SIGN_STYLE = Automatic;
				CURRENT_PROJECT_VERSION = 10;
				DEVELOPMENT_ASSET_PATHS = "\"Grow/Preview Content\"";
				DEVELOPMENT_TEAM = V8EUC3L37P;
				ENABLE_PREVIEWS = YES;
				INFOPLIST_FILE = Grow/Info.plist;
				IPHONEOS_DEPLOYMENT_TARGET = 14.5;
				LD_RUNPATH_SEARCH_PATHS = (
					"$(inherited)",
					"@executable_path/Frameworks",
				);
				OTHER_LDFLAGS = (
					"$(inherited)",
					"-l\"c++\"",
					"-l\"icucore\"",
					"-l\"sqlite3\"",
					"-l\"z\"",
					"-framework",
					"\"CFNetwork\"",
					"-framework",
					"\"CoreTelephony\"",
					"-framework",
					"\"FBLPromises\"",
					"-framework",
					"\"FirebaseAnalytics\"",
					"-framework",
					"\"FirebaseAuth\"",
					"-framework",
					"\"FirebaseCore\"",
					"-framework",
					"\"FirebaseCoreDiagnostics\"",
					"-framework",
					"\"FirebaseDatabase\"",
					"-framework",
					"\"FirebaseInstallations\"",
					"-framework",
					"\"Foundation\"",
					"-framework",
					"\"GTMSessionFetcher\"",
					"-framework",
					"\"GoogleAppMeasurement\"",
					"-framework",
					"\"GoogleDataTransport\"",
					"-framework",
					"\"GoogleUtilities\"",
					"-framework",
					"\"SafariServices\"",
					"-framework",
					"\"Security\"",
					"-framework",
					"\"StoreKit\"",
					"-framework",
					"\"SystemConfiguration\"",
					"-framework",
					"\"UIKit\"",
					"-framework",
					"\"leveldb\"",
					"-framework",
					"\"nanopb\"",
				);
				PRODUCT_BUNDLE_IDENTIFIER = com.muscle.grow;
				PRODUCT_NAME = "$(TARGET_NAME)";
				PROVISIONING_PROFILE_SPECIFIER = "";
				SWIFT_VERSION = 5.0;
				TARGETED_DEVICE_FAMILY = "1,2";
			};
			name = Release;
		};
		851AFF5E2673D6DC0092DA9B /* Debug */ = {
			isa = XCBuildConfiguration;
			baseConfigurationReference = CDEDA238F20F2F8013C33A52 /* Pods-GrowTests.debug.xcconfig */;
			buildSettings = {
				ALWAYS_EMBED_SWIFT_STANDARD_LIBRARIES = YES;
				BUNDLE_LOADER = "$(TEST_HOST)";
				CODE_SIGN_IDENTITY = "Apple Development";
				"CODE_SIGN_IDENTITY[sdk=macosx*]" = "Apple Development";
				CODE_SIGN_STYLE = Automatic;
				DEVELOPMENT_TEAM = V8EUC3L37P;
				INFOPLIST_FILE = GrowTests/Info.plist;
				IPHONEOS_DEPLOYMENT_TARGET = 14.0;
				LD_RUNPATH_SEARCH_PATHS = (
					"$(inherited)",
					"@executable_path/Frameworks",
					"@loader_path/Frameworks",
				);
				PRODUCT_BUNDLE_IDENTIFIER = com.muscle.GrowTests;
				PRODUCT_NAME = "$(TARGET_NAME)";
				PROVISIONING_PROFILE_SPECIFIER = "";
				"PROVISIONING_PROFILE_SPECIFIER[sdk=macosx*]" = "";
				SWIFT_VERSION = 5.0;
				TARGETED_DEVICE_FAMILY = "1,2";
				TEST_HOST = "$(BUILT_PRODUCTS_DIR)/Grow.app/Grow";
			};
			name = Debug;
		};
		851AFF5F2673D6DC0092DA9B /* Release */ = {
			isa = XCBuildConfiguration;
			baseConfigurationReference = 74B64DB1C2B74BA9D0648D65 /* Pods-GrowTests.release.xcconfig */;
			buildSettings = {
				ALWAYS_EMBED_SWIFT_STANDARD_LIBRARIES = YES;
				BUNDLE_LOADER = "$(TEST_HOST)";
				CODE_SIGN_IDENTITY = "Apple Development";
				"CODE_SIGN_IDENTITY[sdk=macosx*]" = "Apple Development";
				CODE_SIGN_STYLE = Automatic;
				DEVELOPMENT_TEAM = V8EUC3L37P;
				INFOPLIST_FILE = GrowTests/Info.plist;
				IPHONEOS_DEPLOYMENT_TARGET = 14.0;
				LD_RUNPATH_SEARCH_PATHS = (
					"$(inherited)",
					"@executable_path/Frameworks",
					"@loader_path/Frameworks",
				);
				PRODUCT_BUNDLE_IDENTIFIER = com.muscle.GrowTests;
				PRODUCT_NAME = "$(TARGET_NAME)";
				PROVISIONING_PROFILE_SPECIFIER = "";
				"PROVISIONING_PROFILE_SPECIFIER[sdk=macosx*]" = "";
				SWIFT_VERSION = 5.0;
				TARGETED_DEVICE_FAMILY = "1,2";
				TEST_HOST = "$(BUILT_PRODUCTS_DIR)/Grow.app/Grow";
			};
			name = Release;
		};
		851AFF612673D6DC0092DA9B /* Debug */ = {
			isa = XCBuildConfiguration;
			baseConfigurationReference = C8DF0475DF192E1486887AF1 /* Pods-Grow-GrowUITests.debug.xcconfig */;
			buildSettings = {
				ALWAYS_EMBED_SWIFT_STANDARD_LIBRARIES = YES;
				"CODE_SIGN_IDENTITY[sdk=macosx*]" = "Apple Development";
				CODE_SIGN_STYLE = Automatic;
				DEVELOPMENT_TEAM = V8EUC3L37P;
				INFOPLIST_FILE = GrowUITests/Info.plist;
				LD_RUNPATH_SEARCH_PATHS = (
					"$(inherited)",
					"@executable_path/Frameworks",
					"@loader_path/Frameworks",
				);
				PRODUCT_BUNDLE_IDENTIFIER = com.muscle.GrowUITests;
				PRODUCT_NAME = "$(TARGET_NAME)";
				SWIFT_VERSION = 5.0;
				TARGETED_DEVICE_FAMILY = "1,2";
				TEST_TARGET_NAME = Grow;
			};
			name = Debug;
		};
		851AFF622673D6DC0092DA9B /* Release */ = {
			isa = XCBuildConfiguration;
			baseConfigurationReference = CDB7AACCA6B2946A724EDEA0 /* Pods-Grow-GrowUITests.release.xcconfig */;
			buildSettings = {
				ALWAYS_EMBED_SWIFT_STANDARD_LIBRARIES = YES;
				"CODE_SIGN_IDENTITY[sdk=macosx*]" = "Apple Development";
				CODE_SIGN_STYLE = Automatic;
				DEVELOPMENT_TEAM = V8EUC3L37P;
				INFOPLIST_FILE = GrowUITests/Info.plist;
				LD_RUNPATH_SEARCH_PATHS = (
					"$(inherited)",
					"@executable_path/Frameworks",
					"@loader_path/Frameworks",
				);
				PRODUCT_BUNDLE_IDENTIFIER = com.muscle.GrowUITests;
				PRODUCT_NAME = "$(TARGET_NAME)";
				SWIFT_VERSION = 5.0;
				TARGETED_DEVICE_FAMILY = "1,2";
				TEST_TARGET_NAME = Grow;
			};
			name = Release;
		};
/* End XCBuildConfiguration section */

/* Begin XCConfigurationList section */
		851AFF302673D6D70092DA9B /* Build configuration list for PBXProject "Grow" */ = {
			isa = XCConfigurationList;
			buildConfigurations = (
				851AFF582673D6DC0092DA9B /* Debug */,
				851AFF592673D6DC0092DA9B /* Release */,
			);
			defaultConfigurationIsVisible = 0;
			defaultConfigurationName = Release;
		};
		851AFF5A2673D6DC0092DA9B /* Build configuration list for PBXNativeTarget "Grow" */ = {
			isa = XCConfigurationList;
			buildConfigurations = (
				851AFF5B2673D6DC0092DA9B /* Debug */,
				851AFF5C2673D6DC0092DA9B /* Release */,
			);
			defaultConfigurationIsVisible = 0;
			defaultConfigurationName = Release;
		};
		851AFF5D2673D6DC0092DA9B /* Build configuration list for PBXNativeTarget "GrowTests" */ = {
			isa = XCConfigurationList;
			buildConfigurations = (
				851AFF5E2673D6DC0092DA9B /* Debug */,
				851AFF5F2673D6DC0092DA9B /* Release */,
			);
			defaultConfigurationIsVisible = 0;
			defaultConfigurationName = Release;
		};
		851AFF602673D6DC0092DA9B /* Build configuration list for PBXNativeTarget "GrowUITests" */ = {
			isa = XCConfigurationList;
			buildConfigurations = (
				851AFF612673D6DC0092DA9B /* Debug */,
				851AFF622673D6DC0092DA9B /* Release */,
			);
			defaultConfigurationIsVisible = 0;
			defaultConfigurationName = Release;
		};
/* End XCConfigurationList section */

/* Begin XCRemoteSwiftPackageReference section */
		8512512126B944650006D304 /* XCRemoteSwiftPackageReference "KeyboardToolbar" */ = {
			isa = XCRemoteSwiftPackageReference;
			repositoryURL = "https://github.com/cameronshemilt/KeyboardToolbar";
			requirement = {
				kind = upToNextMajorVersion;
				minimumVersion = 1.1.2;
			};
		};
/* End XCRemoteSwiftPackageReference section */

/* Begin XCSwiftPackageProductDependency section */
		8512512226B944650006D304 /* KeyboardToolbar */ = {
			isa = XCSwiftPackageProductDependency;
			package = 8512512126B944650006D304 /* XCRemoteSwiftPackageReference "KeyboardToolbar" */;
			productName = KeyboardToolbar;
		};
/* End XCSwiftPackageProductDependency section */
	};
	rootObject = 851AFF2D2673D6D70092DA9B /* Project object */;
}
